
Microsoft Visual Studio Solution File, Format Version 12.00
# Visual Studio Version 16
VisualStudioVersion = 16.0.31005.135
MinimumVisualStudioVersion = 10.0.40219.1
Project("{FAE04EC0-301F-11D3-BF4B-00C04F79EFBC}") = "YemekTarifi", "YemekTarifi\YemekTarifi.csproj", "{9C99358B-A889-45F5-9F6E-AE75E09CFF01}"
EndProject
Global
	GlobalSection(SolutionConfigurationPlatforms) = preSolution
		Debug|Any CPU = Debug|Any CPU
		Release|Any CPU = Release|Any CPU
	EndGlobalSection
	GlobalSection(ProjectConfigurationPlatforms) = postSolution
		{9C99358B-A889-45F5-9F6E-AE75E09CFF01}.Debug|Any CPU.ActiveCfg = Debug|Any CPU
		{9C99358B-A889-45F5-9F6E-AE75E09CFF01}.Debug|Any CPU.Build.0 = Debug|Any CPU
		{9C99358B-A889-45F5-9F6E-AE75E09CFF01}.Release|Any CPU.ActiveCfg = Release|Any CPU
		{9C99358B-A889-45F5-9F6E-AE75E09CFF01}.Release|Any CPU.Build.0 = Release|Any CPU
	EndGlobalSection
	GlobalSection(SolutionProperties) = preSolution
		HideSolutionNode = FALSE
	EndGlobalSection
	GlobalSection(ExtensibilityGlobals) = postSolution
		SolutionGuid = {EBE508F0-3CC9-4718-A82E-01D64D29883D}
	EndGlobalSection
EndGlobal
